PODS:
  - React (0.57.8):
    - React/Core (= 0.57.8)
  - react-native-sqlite-storage (3.3.9):
    - React
  - React/Core (0.57.8):
    - yoga (= 0.57.8.React)
  - React/DevSupport (0.57.8):
    - React/Core
    - React/RCTWebSocket
  - React/fishhook (0.57.8)
  - React/RCTBlob (0.57.8):
    - React/Core
  - React/RCTImage (0.57.8):
    - React/Core
    - React/RCTNetwork
  - React/RCTLinkingIOS (0.57.8):
    - React/Core
  - React/RCTNetwork (0.57.8):
    - React/Core
  - React/RCTWebSocket (0.57.8):
    - React/Core
    - React/fishhook
    - React/RCTBlob
  - yoga (0.57.8.React)

DEPENDENCIES:
  - react-native-sqlite-storage (from `../node_modules/react-native-sqlite-storage`)
  - React/DevSupport (from `../node_modules/react-native`)
  - React/RCTImage (from `../node_modules/react-native`)
  - React/RCTLinkingIOS (from `../node_modules/react-native`)
  - yoga (from `../node_modules/react-native/ReactCommon/yoga`)

EXTERNAL SOURCES:
  React:
    :path: "../node_modules/react-native"
  react-native-sqlite-storage:
    :path: "../node_modules/react-native-sqlite-storage"
  yoga:
    :path: "../node_modules/react-native/ReactCommon/yoga"

SPEC CHECKSUMS:
  React: 1fe0eb13d90b625d94c3b117c274dcfd2e760e11
  react-native-sqlite-storage: 848fb96c0b6d17b3f70e169ac41f84434cdad94c
  yoga: b1ce48b6cf950b98deae82838f5173ea7cf89e85

PODFILE CHECKSUM: ebf22e9142a76273243e1154a5ba9be9b39282a2

COCOAPODS: 1.5.3
